
Microsoft Visual Studio Solution File, Format Version 12.00
# Visual Studio Version 17
VisualStudioVersion = 17.11.35222.181
MinimumVisualStudioVersion = 10.0.40219.1
Project("{FAE04EC0-301F-11D3-BF4B-00C04F79EFBC}") = "AunS2Prakt", "AunS2Prakt\AunS2Prakt.csproj", "{5AA2F670-C4D7-4425-A4AF-BBC4278AF9CE}"
EndProject
Global
	GlobalSection(SolutionConfigurationPlatforms) = preSolution
		Debug|Any CPU = Debug|Any CPU
		Release|Any CPU = Release|Any CPU
	EndGlobalSection
	GlobalSection(ProjectConfigurationPlatforms) = postSolution
		{5AA2F670-C4D7-4425-A4AF-BBC4278AF9CE}.Debug|Any CPU.ActiveCfg = Debug|Any CPU
		{5AA2F670-C4D7-4425-A4AF-BBC4278AF9CE}.Debug|Any CPU.Build.0 = Debug|Any CPU
		{5AA2F670-C4D7-4425-A4AF-BBC4278AF9CE}.Release|Any CPU.ActiveCfg = Release|Any CPU
		{5AA2F670-C4D7-4425-A4AF-BBC4278AF9CE}.Release|Any CPU.Build.0 = Release|Any CPU
	EndGlobalSection
	GlobalSection(SolutionProperties) = preSolution
		HideSolutionNode = FALSE
	EndGlobalSection
	GlobalSection(ExtensibilityGlobals) = postSolution
		SolutionGuid = {3145919A-0745-482B-A1B2-6BD47DCB7F36}
	EndGlobalSection
EndGlobal
