
Microsoft Visual Studio Solution File, Format Version 12.00
# Visual Studio Version 17
VisualStudioVersion = 17.11.35222.181
MinimumVisualStudioVersion = 10.0.40219.1
Project("{FAE04EC0-301F-11D3-BF4B-00C04F79EFBC}") = "pract10AuS", "pract10AuS\pract10AuS.csproj", "{A0355472-BC8E-4DC2-A279-286D1E03D18A}"
EndProject
Global
	GlobalSection(SolutionConfigurationPlatforms) = preSolution
		Debug|Any CPU = Debug|Any CPU
		Release|Any CPU = Release|Any CPU
	EndGlobalSection
	GlobalSection(ProjectConfigurationPlatforms) = postSolution
		{A0355472-BC8E-4DC2-A279-286D1E03D18A}.Debug|Any CPU.ActiveCfg = Debug|Any CPU
		{A0355472-BC8E-4DC2-A279-286D1E03D18A}.Debug|Any CPU.Build.0 = Debug|Any CPU
		{A0355472-BC8E-4DC2-A279-286D1E03D18A}.Release|Any CPU.ActiveCfg = Release|Any CPU
		{A0355472-BC8E-4DC2-A279-286D1E03D18A}.Release|Any CPU.Build.0 = Release|Any CPU
	EndGlobalSection
	GlobalSection(SolutionProperties) = preSolution
		HideSolutionNode = FALSE
	EndGlobalSection
	GlobalSection(ExtensibilityGlobals) = postSolution
		SolutionGuid = {12802E50-A4DC-4159-ABEF-ED3C35C59027}
	EndGlobalSection
EndGlobal
